
Microsoft Visual Studio Solution File, Format Version 12.00
# Visual Studio Version 16
VisualStudioVersion = 16.0.32630.194
MinimumVisualStudioVersion = 10.0.40219.1
Project("{FAE04EC0-301F-11D3-BF4B-00C04F79EFBC}") = "MobileShopDesktop", "MobileShopDesktop\MobileShopDesktop.csproj", "{479A8764-E9D8-43B2-BC86-9705E42786D7}"
EndProject
Global
	GlobalSection(SolutionConfigurationPlatforms) = preSolution
		Debug|Any CPU = Debug|Any CPU
		Release|Any CPU = Release|Any CPU
	EndGlobalSection
	GlobalSection(ProjectConfigurationPlatforms) = postSolution
		{479A8764-E9D8-43B2-BC86-9705E42786D7}.Debug|Any CPU.ActiveCfg = Debug|Any CPU
		{479A8764-E9D8-43B2-BC86-9705E42786D7}.Debug|Any CPU.Build.0 = Debug|Any CPU
		{479A8764-E9D8-43B2-BC86-9705E42786D7}.Release|Any CPU.ActiveCfg = Release|Any CPU
		{479A8764-E9D8-43B2-BC86-9705E42786D7}.Release|Any CPU.Build.0 = Release|Any CPU
	EndGlobalSection
	GlobalSection(SolutionProperties) = preSolution
		HideSolutionNode = FALSE
	EndGlobalSection
	GlobalSection(ExtensibilityGlobals) = postSolution
		SolutionGuid = {EF9444BC-4A99-44D6-9944-DD0486EFDD9B}
	EndGlobalSection
EndGlobal
